github.com/andriyg76/glogger v0.0.0-20190705071254-ba7916af8315 h1:z5EqvhmWAc5DGN43typ5mtw2wkxqUg/WjjC59WE5U8M=
github.com/andriyg76/glogger v0.0.0-20190705071254-ba7916af8315/go.mod h1:U1O2QpIKAXVpO4E12DkkCSaeKu+g3Q565XxeHGQM0wo=
github.com/andriyg76/glogger v0.0.1 h1:sHOPMn0JwvvzHKOXmJAOyTBHA9cn0ZzdNJgf8WS0hH8=
github.com/andriyg76/glogger v0.0.1/go.mod h1:1snbyjSXux9lyebN74GOgIIROEWDqLp3MBVeCgW6Rwg=
github.com/andriyg76/mergesort v0.0.0-20190705071253-c8098602a2b6 h1:bbzX6L057c+9xOP8YvPp4LYvANa4I6QDiaIAyIY4rxc=
github.com/andriyg76/mergesort v0.0.0-20190705071253-c8098602a2b6/go.mod h1:Weoe+3rK+ydNv5ZyZ1ah6fdnKpwI+CCNyy0+snAkr8E=
github.com/andriyg76/mergesort v0.0.1 h1:dA/hks74Oa0KvJKvnYwm6kknbQjNHooNzsqfIDc2Nnk=
github.com/andriyg76/mergesort v0.0.1/go.mod h1:jnQ3rXbUU12F048gSYBqN4mFaEWbhFtFRqFZeqZ4gmg=
github.com/andriyg76/mergesort v1.0.0 h1:TAVDThXc9qGQr2x01lpp8swFehPX5GxnYvc9zEI6AN0=
github.com/andriyg76/mergesort v1.0.0/go.mod h1:jnQ3rXbUU12F048gSYBqN4mFaEWbhFtFRqFZeqZ4gmg=
github.com/andriyg76/mergesort v1.0.1 h1:mbNXG2+yPPGUWTwDPdpebkNmXuwQ1YIWMKKo/md2BR0=
github.com/andriyg76/mergesort v1.0.1/go.mod h1:PANnCbIXRYRJOUEJgOklUxqEGJQuMlr5AXKa3Zg11QA=
github.com/davecgh/go-spew v1.1.0 h1:ZDRjVQ15GmhC3fiQ8ni8+OwkZQO4DARzQgrnXU1Liz8=
github.com/davecgh/go-spew v1.1.0/go.mod h1:J7Y8YcW2NihsgmVo/mv3lAwl/skON4iLHjSsI+c5H38=
github.com/davecgh/go-spew v1.1.1 h1:vj9j/u1bqnvCEfJOwUhtlOARqs3+rkHYY13jYWTU97c=
github.com/davecgh/go-spew v1.1.1/go.mod h1:J7Y8YcW2NihsgmVo/mv3lAwl/skON4iLHjSsI+c5H38=
github.com/pmezard/go-difflib v1.0.0 h1:4DBwDE0NGyQoBHbLQYPwSUPoCMWR5BEzIk/f1lZbAQM=
github.com/pmezard/go-difflib v1.0.0/go.mod h1:iKH77koFhYxTK1pcRnkKkqfTogsbg7gZNVY4sRDYZ/4=
github.com/stretchr/objx v0.1.0/go.mod h1:HFkY916IF+rwdDfMAkV7OtwuqBVzrE8GR6GFx+wExME=
github.com/stretchr/objx v0.2.0/go.mod h1:qt09Ya8vawLte6SNmTgCsAVtYtaKzEcn8ATUoHMkEqE=
github.com/stretchr/testify v1.3.0 h1:TivCn/peBQ7UY8ooIcPgZFpTNSz0Q2U6UrFlUfqbe0Q=
github.com/stretchr/testify v1.3.0/go.mod h1:M5WIy9Dh21IEIfnGCwXGc5bZfKNJtfHm1UVUgZn+9EI=
